
Microsoft Visual Studio Solution File, Format Version 12.00
# Visual Studio Version 17
VisualStudioVersion = 17.5.002.0
MinimumVisualStudioVersion = 10.0.40219.1
Project("{9A19103F-16F7-4668-BE54-9A1E7A4F7556}") = "APL2007M3SalesReport", "APL2007M3SalesReport.csproj", "{6CFB94B0-7EE3-48FD-AF46-7ED3D9C6B653}"
EndProject
Global
	GlobalSection(SolutionConfigurationPlatforms) = preSolution
		Debug|Any CPU = Debug|Any CPU
		Release|Any CPU = Release|Any CPU
	EndGlobalSection
	GlobalSection(ProjectConfigurationPlatforms) = postSolution
		{6CFB94B0-7EE3-48FD-AF46-7ED3D9C6B653}.Debug|Any CPU.ActiveCfg = Debug|Any CPU
		{6CFB94B0-7EE3-48FD-AF46-7ED3D9C6B653}.Debug|Any CPU.Build.0 = Debug|Any CPU
		{6CFB94B0-7EE3-48FD-AF46-7ED3D9C6B653}.Release|Any CPU.ActiveCfg = Release|Any CPU
		{6CFB94B0-7EE3-48FD-AF46-7ED3D9C6B653}.Release|Any CPU.Build.0 = Release|Any CPU
	EndGlobalSection
	GlobalSection(SolutionProperties) = preSolution
		HideSolutionNode = FALSE
	EndGlobalSection
	GlobalSection(ExtensibilityGlobals) = postSolution
		SolutionGuid = {598C6FF9-87FC-4A47-8261-DD91D8380B93}
	EndGlobalSection
EndGlobal
